
Microsoft Visual Studio Solution File, Format Version 12.00
# Visual Studio Version 17
VisualStudioVersion = 17.7.34031.279
MinimumVisualStudioVersion = 10.0.40219.1
Project("{9A19103F-16F7-4668-BE54-9A1E7A4F7556}") = "PL", "PL\PL.csproj", "{23C01131-66BC-453C-BA5D-0190282FD121}"
EndProject
Project("{9A19103F-16F7-4668-BE54-9A1E7A4F7556}") = "ML", "ML\ML.csproj", "{3BD7ECCB-3CDA-4C8E-BA09-73A876EAC599}"
EndProject
Project("{9A19103F-16F7-4668-BE54-9A1E7A4F7556}") = "DL", "DL\DL.csproj", "{203D5627-1215-4445-B1C7-0C953B7B4298}"
EndProject
Project("{9A19103F-16F7-4668-BE54-9A1E7A4F7556}") = "BL", "BL\BL.csproj", "{3B1AE7C8-1F17-498A-AFF3-306BE841C3A8}"
EndProject
Project("{FAE04EC0-301F-11D3-BF4B-00C04F79EFBC}") = "SL", "SL\SL.csproj", "{6650F3AB-55A3-4E91-83E1-386439160243}"
EndProject
Global
	GlobalSection(SolutionConfigurationPlatforms) = preSolution
		Debug|Any CPU = Debug|Any CPU
		Release|Any CPU = Release|Any CPU
	EndGlobalSection
	GlobalSection(ProjectConfigurationPlatforms) = postSolution
		{23C01131-66BC-453C-BA5D-0190282FD121}.Debug|Any CPU.ActiveCfg = Debug|Any CPU
		{23C01131-66BC-453C-BA5D-0190282FD121}.Debug|Any CPU.Build.0 = Debug|Any CPU
		{23C01131-66BC-453C-BA5D-0190282FD121}.Release|Any CPU.ActiveCfg = Release|Any CPU
		{23C01131-66BC-453C-BA5D-0190282FD121}.Release|Any CPU.Build.0 = Release|Any CPU
		{3BD7ECCB-3CDA-4C8E-BA09-73A876EAC599}.Debug|Any CPU.ActiveCfg = Debug|Any CPU
		{3BD7ECCB-3CDA-4C8E-BA09-73A876EAC599}.Debug|Any CPU.Build.0 = Debug|Any CPU
		{3BD7ECCB-3CDA-4C8E-BA09-73A876EAC599}.Release|Any CPU.ActiveCfg = Release|Any CPU
		{3BD7ECCB-3CDA-4C8E-BA09-73A876EAC599}.Release|Any CPU.Build.0 = Release|Any CPU
		{203D5627-1215-4445-B1C7-0C953B7B4298}.Debug|Any CPU.ActiveCfg = Debug|Any CPU
		{203D5627-1215-4445-B1C7-0C953B7B4298}.Debug|Any CPU.Build.0 = Debug|Any CPU
		{203D5627-1215-4445-B1C7-0C953B7B4298}.Release|Any CPU.ActiveCfg = Release|Any CPU
		{203D5627-1215-4445-B1C7-0C953B7B4298}.Release|Any CPU.Build.0 = Release|Any CPU
		{3B1AE7C8-1F17-498A-AFF3-306BE841C3A8}.Debug|Any CPU.ActiveCfg = Debug|Any CPU
		{3B1AE7C8-1F17-498A-AFF3-306BE841C3A8}.Debug|Any CPU.Build.0 = Debug|Any CPU
		{3B1AE7C8-1F17-498A-AFF3-306BE841C3A8}.Release|Any CPU.ActiveCfg = Release|Any CPU
		{3B1AE7C8-1F17-498A-AFF3-306BE841C3A8}.Release|Any CPU.Build.0 = Release|Any CPU
		{6650F3AB-55A3-4E91-83E1-386439160243}.Debug|Any CPU.ActiveCfg = Debug|Any CPU
		{6650F3AB-55A3-4E91-83E1-386439160243}.Debug|Any CPU.Build.0 = Debug|Any CPU
		{6650F3AB-55A3-4E91-83E1-386439160243}.Release|Any CPU.ActiveCfg = Release|Any CPU
		{6650F3AB-55A3-4E91-83E1-386439160243}.Release|Any CPU.Build.0 = Release|Any CPU
	EndGlobalSection
	GlobalSection(SolutionProperties) = preSolution
		HideSolutionNode = FALSE
	EndGlobalSection
	GlobalSection(ExtensibilityGlobals) = postSolution
		SolutionGuid = {D9D9BAEF-8780-4469-B936-3490730CE224}
	EndGlobalSection
EndGlobal
